
Microsoft Visual Studio Solution File, Format Version 12.00
# Visual Studio 15
VisualStudioVersion = 15.0.28307.271
MinimumVisualStudioVersion = 10.0.40219.1
Project("{FAE04EC0-301F-11D3-BF4B-00C04F79EFBC}") = "BasicPattern", "BasicPattern\BasicPattern.csproj", "{A989C2F1-B990-4C8B-8AB9-6A95ECF77461}"
EndProject
Global
	GlobalSection(SolutionConfigurationPlatforms) = preSolution
		Debug|Any CPU = Debug|Any CPU
		Release|Any CPU = Release|Any CPU
	EndGlobalSection
	GlobalSection(ProjectConfigurationPlatforms) = postSolution
		{A989C2F1-B990-4C8B-8AB9-6A95ECF77461}.Debug|Any CPU.ActiveCfg = Debug|Any CPU
		{A989C2F1-B990-4C8B-8AB9-6A95ECF77461}.Debug|Any CPU.Build.0 = Debug|Any CPU
		{A989C2F1-B990-4C8B-8AB9-6A95ECF77461}.Release|Any CPU.ActiveCfg = Release|Any CPU
		{A989C2F1-B990-4C8B-8AB9-6A95ECF77461}.Release|Any CPU.Build.0 = Release|Any CPU
	EndGlobalSection
	GlobalSection(SolutionProperties) = preSolution
		HideSolutionNode = FALSE
	EndGlobalSection
	GlobalSection(ExtensibilityGlobals) = postSolution
		SolutionGuid = {3A14A7EC-DF25-4D4B-8547-8E50959F4140}
	EndGlobalSection
EndGlobal
