
Microsoft Visual Studio Solution File, Format Version 12.00
# Visual Studio 15
VisualStudioVersion = 15.0.28307.271
MinimumVisualStudioVersion = 10.0.40219.1
Project("{FAE04EC0-301F-11D3-BF4B-00C04F79EFBC}") = "BasicPattern", "BasicPattern\BasicPattern.csproj", "{A989C2F1-B990-4C8B-8AB9-6A95ECF77461}"
EndProject
Project("{FAE04EC0-301F-11D3-BF4B-00C04F79EFBC}") = "BasicPattern.Tests", "BasicPattern.Tests\BasicPattern.Tests.csproj", "{4BCEA4CB-B982-4048-99E2-44233CA7101D}"
EndProject
Project("{2150E333-8FDC-42A3-9474-1A3956D46DE8}") = "Tests", "Tests", "{D69A5C45-F726-4946-A11D-8B3EE73AEFBC}"
EndProject
Project("{2150E333-8FDC-42A3-9474-1A3956D46DE8}") = "Patterns", "Patterns", "{190A2C7B-8617-447B-A1C6-9F9723096846}"
EndProject
Project("{FAE04EC0-301F-11D3-BF4B-00C04F79EFBC}") = "NamedClientsPattern", "NamedClientsPattern\NamedClientsPattern.csproj", "{1F6DEACA-826C-46CA-B4DB-A9808BF6DE25}"
EndProject
Project("{FAE04EC0-301F-11D3-BF4B-00C04F79EFBC}") = "DTO", "DTO\DTO.csproj", "{EBF575FA-114E-4E09-9ADB-AA93E681CC72}"
EndProject
Project("{2150E333-8FDC-42A3-9474-1A3956D46DE8}") = "DataTransferObjects", "DataTransferObjects", "{1B8497C5-4FA5-40A1-9226-D9C9F47FDF9B}"
EndProject
Project("{FAE04EC0-301F-11D3-BF4B-00C04F79EFBC}") = "NamedClientsPattern.Tests", "NamedClientsPattern.Tests\NamedClientsPattern.Tests.csproj", "{EE1BA8A5-D254-4267-821B-91A1345464AC}"
EndProject
Project("{FAE04EC0-301F-11D3-BF4B-00C04F79EFBC}") = "TypedClientsPattern", "TypedClientsPattern\TypedClientsPattern.csproj", "{776C4C23-8359-4689-AE67-65BB4ED438D2}"
EndProject
Project("{FAE04EC0-301F-11D3-BF4B-00C04F79EFBC}") = "TypedClientsPattern.Tests", "TypedClientsPattern.Tests\TypedClientsPattern.Tests.csproj", "{F12A9559-FC51-4E24-971F-088D9A5063E1}"
EndProject
Global
	GlobalSection(SolutionConfigurationPlatforms) = preSolution
		Debug|Any CPU = Debug|Any CPU
		Release|Any CPU = Release|Any CPU
	EndGlobalSection
	GlobalSection(ProjectConfigurationPlatforms) = postSolution
		{A989C2F1-B990-4C8B-8AB9-6A95ECF77461}.Debug|Any CPU.ActiveCfg = Debug|Any CPU
		{A989C2F1-B990-4C8B-8AB9-6A95ECF77461}.Debug|Any CPU.Build.0 = Debug|Any CPU
		{A989C2F1-B990-4C8B-8AB9-6A95ECF77461}.Release|Any CPU.ActiveCfg = Release|Any CPU
		{A989C2F1-B990-4C8B-8AB9-6A95ECF77461}.Release|Any CPU.Build.0 = Release|Any CPU
		{4BCEA4CB-B982-4048-99E2-44233CA7101D}.Debug|Any CPU.ActiveCfg = Debug|Any CPU
		{4BCEA4CB-B982-4048-99E2-44233CA7101D}.Debug|Any CPU.Build.0 = Debug|Any CPU
		{4BCEA4CB-B982-4048-99E2-44233CA7101D}.Release|Any CPU.ActiveCfg = Release|Any CPU
		{4BCEA4CB-B982-4048-99E2-44233CA7101D}.Release|Any CPU.Build.0 = Release|Any CPU
		{1F6DEACA-826C-46CA-B4DB-A9808BF6DE25}.Debug|Any CPU.ActiveCfg = Debug|Any CPU
		{1F6DEACA-826C-46CA-B4DB-A9808BF6DE25}.Debug|Any CPU.Build.0 = Debug|Any CPU
		{1F6DEACA-826C-46CA-B4DB-A9808BF6DE25}.Release|Any CPU.ActiveCfg = Release|Any CPU
		{1F6DEACA-826C-46CA-B4DB-A9808BF6DE25}.Release|Any CPU.Build.0 = Release|Any CPU
		{EBF575FA-114E-4E09-9ADB-AA93E681CC72}.Debug|Any CPU.ActiveCfg = Debug|Any CPU
		{EBF575FA-114E-4E09-9ADB-AA93E681CC72}.Debug|Any CPU.Build.0 = Debug|Any CPU
		{EBF575FA-114E-4E09-9ADB-AA93E681CC72}.Release|Any CPU.ActiveCfg = Release|Any CPU
		{EBF575FA-114E-4E09-9ADB-AA93E681CC72}.Release|Any CPU.Build.0 = Release|Any CPU
		{EE1BA8A5-D254-4267-821B-91A1345464AC}.Debug|Any CPU.ActiveCfg = Debug|Any CPU
		{EE1BA8A5-D254-4267-821B-91A1345464AC}.Debug|Any CPU.Build.0 = Debug|Any CPU
		{EE1BA8A5-D254-4267-821B-91A1345464AC}.Release|Any CPU.ActiveCfg = Release|Any CPU
		{EE1BA8A5-D254-4267-821B-91A1345464AC}.Release|Any CPU.Build.0 = Release|Any CPU
		{776C4C23-8359-4689-AE67-65BB4ED438D2}.Debug|Any CPU.ActiveCfg = Debug|Any CPU
		{776C4C23-8359-4689-AE67-65BB4ED438D2}.Debug|Any CPU.Build.0 = Debug|Any CPU
		{776C4C23-8359-4689-AE67-65BB4ED438D2}.Release|Any CPU.ActiveCfg = Release|Any CPU
		{776C4C23-8359-4689-AE67-65BB4ED438D2}.Release|Any CPU.Build.0 = Release|Any CPU
		{F12A9559-FC51-4E24-971F-088D9A5063E1}.Debug|Any CPU.ActiveCfg = Debug|Any CPU
		{F12A9559-FC51-4E24-971F-088D9A5063E1}.Debug|Any CPU.Build.0 = Debug|Any CPU
		{F12A9559-FC51-4E24-971F-088D9A5063E1}.Release|Any CPU.ActiveCfg = Release|Any CPU
		{F12A9559-FC51-4E24-971F-088D9A5063E1}.Release|Any CPU.Build.0 = Release|Any CPU
	EndGlobalSection
	GlobalSection(SolutionProperties) = preSolution
		HideSolutionNode = FALSE
	EndGlobalSection
	GlobalSection(NestedProjects) = preSolution
		{A989C2F1-B990-4C8B-8AB9-6A95ECF77461} = {190A2C7B-8617-447B-A1C6-9F9723096846}
		{4BCEA4CB-B982-4048-99E2-44233CA7101D} = {D69A5C45-F726-4946-A11D-8B3EE73AEFBC}
		{1F6DEACA-826C-46CA-B4DB-A9808BF6DE25} = {190A2C7B-8617-447B-A1C6-9F9723096846}
		{EBF575FA-114E-4E09-9ADB-AA93E681CC72} = {1B8497C5-4FA5-40A1-9226-D9C9F47FDF9B}
		{EE1BA8A5-D254-4267-821B-91A1345464AC} = {D69A5C45-F726-4946-A11D-8B3EE73AEFBC}
		{776C4C23-8359-4689-AE67-65BB4ED438D2} = {190A2C7B-8617-447B-A1C6-9F9723096846}
		{F12A9559-FC51-4E24-971F-088D9A5063E1} = {D69A5C45-F726-4946-A11D-8B3EE73AEFBC}
	EndGlobalSection
	GlobalSection(ExtensibilityGlobals) = postSolution
		SolutionGuid = {3A14A7EC-DF25-4D4B-8547-8E50959F4140}
	EndGlobalSection
EndGlobal
